
Microsoft Visual Studio Solution File, Format Version 12.00
# Visual Studio 14
VisualStudioVersion = 14.0.23107.0
MinimumVisualStudioVersion = 10.0.40219.1
Project("{FAE04EC0-301F-11D3-BF4B-00C04F79EFBC}") = "NSrtm", "NSrtm.csproj", "{CD10A6E7-745F-4C82-9AAB-C5AA90944195}"
EndProject
Global
	GlobalSection(SolutionConfigurationPlatforms) = preSolution
		Debug|Any CPU = Debug|Any CPU
		Release|Any CPU = Release|Any CPU
	EndGlobalSection
	GlobalSection(ProjectConfigurationPlatforms) = postSolution
		{CD10A6E7-745F-4C82-9AAB-C5AA90944195}.Debug|Any CPU.ActiveCfg = Debug|Any CPU
		{CD10A6E7-745F-4C82-9AAB-C5AA90944195}.Debug|Any CPU.Build.0 = Debug|Any CPU
		{CD10A6E7-745F-4C82-9AAB-C5AA90944195}.Release|Any CPU.ActiveCfg = Release|Any CPU
		{CD10A6E7-745F-4C82-9AAB-C5AA90944195}.Release|Any CPU.Build.0 = Release|Any CPU
	EndGlobalSection
	GlobalSection(SolutionProperties) = preSolution
		HideSolutionNode = FALSE
	EndGlobalSection
	GlobalSection(MonoDevelopProperties) = preSolution
		StartupItem = Alpinechough.Srtm.csproj
	EndGlobalSection
EndGlobal
