
Microsoft Visual Studio Solution File, Format Version 12.00
# Visual Studio 14
VisualStudioVersion = 14.0.23107.0
MinimumVisualStudioVersion = 10.0.40219.1
Project("{FAE04EC0-301F-11D3-BF4B-00C04F79EFBC}") = "NSrtm.Core", "NSrtm.Core\NSrtm.Core.csproj", "{61F12886-6162-41BD-9DD9-4688B88BF4FB}"
EndProject
Project("{FAE04EC0-301F-11D3-BF4B-00C04F79EFBC}") = "NuGet.Packager", "NuGet.Packager\NuGet.Packager.csproj", "{0451BAEF-DF2E-4B98-8644-94EE9415E389}"
EndProject
Global
	GlobalSection(SolutionConfigurationPlatforms) = preSolution
		Debug|Any CPU = Debug|Any CPU
		Release|Any CPU = Release|Any CPU
	EndGlobalSection
	GlobalSection(ProjectConfigurationPlatforms) = postSolution
		{61F12886-6162-41BD-9DD9-4688B88BF4FB}.Debug|Any CPU.ActiveCfg = Debug|Any CPU
		{61F12886-6162-41BD-9DD9-4688B88BF4FB}.Debug|Any CPU.Build.0 = Debug|Any CPU
		{61F12886-6162-41BD-9DD9-4688B88BF4FB}.Release|Any CPU.ActiveCfg = Release|Any CPU
		{61F12886-6162-41BD-9DD9-4688B88BF4FB}.Release|Any CPU.Build.0 = Release|Any CPU
		{0451BAEF-DF2E-4B98-8644-94EE9415E389}.Debug|Any CPU.ActiveCfg = Debug|Any CPU
		{0451BAEF-DF2E-4B98-8644-94EE9415E389}.Debug|Any CPU.Build.0 = Debug|Any CPU
		{0451BAEF-DF2E-4B98-8644-94EE9415E389}.Release|Any CPU.ActiveCfg = Release|Any CPU
		{0451BAEF-DF2E-4B98-8644-94EE9415E389}.Release|Any CPU.Build.0 = Release|Any CPU
	EndGlobalSection
	GlobalSection(SolutionProperties) = preSolution
		HideSolutionNode = FALSE
	EndGlobalSection
	GlobalSection(MonoDevelopProperties) = preSolution
		StartupItem = Alpinechough.Srtm.csproj
	EndGlobalSection
EndGlobal
